// !$*UTF8*$!
{
	archiveVersion = 1;
	classes = {
	};
	objectVersion = 46;
	objects = {

/* Begin PBXBuildFile section */
		E815BAD7EFC934BF54418CDE /* Pods_Pokedex3.framework in Frameworks */ = {isa = PBXBuildFile; fileRef = 7972F846A29C963CDC983DE5 /* Pods_Pokedex3.framework */; };
		E95EF1C31E861F7300ED08DC /* AppDelegate.swift in Sources */ = {isa = PBXBuildFile; fileRef = E95EF1C21E861F7300ED08DC /* AppDelegate.swift */; };
		E95EF1C51E861F7300ED08DC /* ViewController.swift in Sources */ = {isa = PBXBuildFile; fileRef = E95EF1C41E861F7300ED08DC /* ViewController.swift */; };
		E95EF1C81E861F7300ED08DC /* Main.storyboard in Resources */ = {isa = PBXBuildFile; fileRef = E95EF1C61E861F7300ED08DC /* Main.storyboard */; };
		E95EF1CA1E861F7300ED08DC /* Assets.xcassets in Resources */ = {isa = PBXBuildFile; fileRef = E95EF1C91E861F7300ED08DC /* Assets.xcassets */; };
		E95EF1CD1E861F7300ED08DC /* LaunchScreen.storyboard in Resources */ = {isa = PBXBuildFile; fileRef = E95EF1CB1E861F7300ED08DC /* LaunchScreen.storyboard */; };
		E95EF1D51E8622FA00ED08DC /* pokemon.csv in Resources */ = {isa = PBXBuildFile; fileRef = E95EF1D41E8622FA00ED08DC /* pokemon.csv */; };
		E95EF1D81E86242100ED08DC /* Pokemon.swift in Sources */ = {isa = PBXBuildFile; fileRef = E95EF1D71E86242100ED08DC /* Pokemon.swift */; };
		E95EF1DD1E86256700ED08DC /* Pokemon.ttf in Resources */ = {isa = PBXBuildFile; fileRef = E95EF1DC1E86256700ED08DC /* Pokemon.ttf */; };
		E95EF1DF1E86280F00ED08DC /* PokeCell.swift in Sources */ = {isa = PBXBuildFile; fileRef = E95EF1DE1E86280F00ED08DC /* PokeCell.swift */; };
		E95EF1E11E862DF300ED08DC /* csv.swift in Sources */ = {isa = PBXBuildFile; fileRef = E95EF1E01E862DF300ED08DC /* csv.swift */; };
		E95EF1E41E8634BF00ED08DC /* music.mp3 in Resources */ = {isa = PBXBuildFile; fileRef = E95EF1E31E8634BF00ED08DC /* music.mp3 */; };
		E95EF1E61E86460900ED08DC /* PokemonDetailVC.swift in Sources */ = {isa = PBXBuildFile; fileRef = E95EF1E51E86460900ED08DC /* PokemonDetailVC.swift */; };
		E95EF1E81E865A7800ED08DC /* Constants.swift in Sources */ = {isa = PBXBuildFile; fileRef = E95EF1E71E865A7800ED08DC /* Constants.swift */; };
/* End PBXBuildFile section */

/* Begin PBXFileReference section */
		7972F846A29C963CDC983DE5 /* Pods_Pokedex3.framework */ = {isa = PBXFileReference; explicitFileType = wrapper.framework; includeInIndex = 0; path = Pods_Pokedex3.framework; sourceTree = BUILT_PRODUCTS_DIR; };
		D2990D914841C57AD01BD780 /* Pods-Pokedex3.debug.xcconfig */ = {isa = PBXFileReference; includeInIndex = 1; lastKnownFileType = text.xcconfig; name = "Pods-Pokedex3.debug.xcconfig"; path = "Pods/Target Support Files/Pods-Pokedex3/Pods-Pokedex3.debug.xcconfig"; sourceTree = "<group>"; };
		E95EF1BF1E861F7300ED08DC /* Pokedex3.app */ = {isa = PBXFileReference; explicitFileType = wrapper.application; includeInIndex = 0; path = Pokedex3.app; sourceTree = BUILT_PRODUCTS_DIR; };
		E95EF1C21E861F7300ED08DC /* AppDelegate.swift */ = {isa = PBXFileReference; lastKnownFileType = sourcecode.swift; path = AppDelegate.swift; sourceTree = "<group>"; };
		E95EF1C41E861F7300ED08DC /* ViewController.swift */ = {isa = PBXFileReference; lastKnownFileType = sourcecode.swift; path = ViewController.swift; sourceTree = "<group>"; };
		E95EF1C71E861F7300ED08DC /* Base */ = {isa = PBXFileReference; lastKnownFileType = file.storyboard; name = Base; path = Base.lproj/Main.storyboard; sourceTree = "<group>"; };
		E95EF1C91E861F7300ED08DC /* Assets.xcassets */ = {isa = PBXFileReference; lastKnownFileType = folder.assetcatalog; path = Assets.xcassets; sourceTree = "<group>"; };
		E95EF1CC1E861F7300ED08DC /* Base */ = {isa = PBXFileReference; lastKnownFileType = file.storyboard; name = Base; path = Base.lproj/LaunchScreen.storyboard; sourceTree = "<group>"; };
		E95EF1CE1E861F7300ED08DC /* Info.plist */ = {isa = PBXFileReference; lastKnownFileType = text.plist.xml; path = Info.plist; sourceTree = "<group>"; };
		E95EF1D41E8622FA00ED08DC /* pokemon.csv */ = {isa = PBXFileReference; fileEncoding = 4; lastKnownFileType = text; path = pokemon.csv; sourceTree = "<group>"; };
		E95EF1D71E86242100ED08DC /* Pokemon.swift */ = {isa = PBXFileReference; fileEncoding = 4; lastKnownFileType = sourcecode.swift; path = Pokemon.swift; sourceTree = "<group>"; };
		E95EF1DC1E86256700ED08DC /* Pokemon.ttf */ = {isa = PBXFileReference; lastKnownFileType = file; path = Pokemon.ttf; sourceTree = "<group>"; };
		E95EF1DE1E86280F00ED08DC /* PokeCell.swift */ = {isa = PBXFileReference; fileEncoding = 4; lastKnownFileType = sourcecode.swift; path = PokeCell.swift; sourceTree = "<group>"; };
		E95EF1E01E862DF300ED08DC /* csv.swift */ = {isa = PBXFileReference; fileEncoding = 4; lastKnownFileType = sourcecode.swift; path = csv.swift; sourceTree = "<group>"; };
		E95EF1E31E8634BF00ED08DC /* music.mp3 */ = {isa = PBXFileReference; lastKnownFileType = audio.mp3; path = music.mp3; sourceTree = "<group>"; };
		E95EF1E51E86460900ED08DC /* PokemonDetailVC.swift */ = {isa = PBXFileReference; fileEncoding = 4; lastKnownFileType = sourcecode.swift; path = PokemonDetailVC.swift; sourceTree = "<group>"; };
		E95EF1E71E865A7800ED08DC /* Constants.swift */ = {isa = PBXFileReference; fileEncoding = 4; lastKnownFileType = sourcecode.swift; path = Constants.swift; sourceTree = "<group>"; };
		EDD0D737947D238D16BB0F48 /* Pods-Pokedex3.release.xcconfig */ = {isa = PBXFileReference; includeInIndex = 1; lastKnownFileType = text.xcconfig; name = "Pods-Pokedex3.release.xcconfig"; path = "Pods/Target Support Files/Pods-Pokedex3/Pods-Pokedex3.release.xcconfig"; sourceTree = "<group>"; };
/* End PBXFileReference section */

/* Begin PBXFrameworksBuildPhase section */
		E95EF1BC1E861F7300ED08DC /* Frameworks */ = {
			isa = PBXFrameworksBuildPhase;
			buildActionMask = 2147483647;
			files = (
				E815BAD7EFC934BF54418CDE /* Pods_Pokedex3.framework in Frameworks */,
			);
			runOnlyForDeploymentPostprocessing = 0;
		};
/* End PBXFrameworksBuildPhase section */

/* Begin PBXGroup section */
		393EA00FA5A95A93423720DC /* Pods */ = {
			isa = PBXGroup;
			children = (
				D2990D914841C57AD01BD780 /* Pods-Pokedex3.debug.xcconfig */,
				EDD0D737947D238D16BB0F48 /* Pods-Pokedex3.release.xcconfig */,
			);
			name = Pods;
			sourceTree = "<group>";
		};
		E95EF1B61E861F7300ED08DC = {
			isa = PBXGroup;
			children = (
				E95EF1C11E861F7300ED08DC /* Pokedex3 */,
				E95EF1C01E861F7300ED08DC /* Products */,
				393EA00FA5A95A93423720DC /* Pods */,
				F9A6B103C2F9112091CEF70C /* Frameworks */,
			);
			sourceTree = "<group>";
		};
		E95EF1C01E861F7300ED08DC /* Products */ = {
			isa = PBXGroup;
			children = (
				E95EF1BF1E861F7300ED08DC /* Pokedex3.app */,
			);
			name = Products;
			sourceTree = "<group>";
		};
		E95EF1C11E861F7300ED08DC /* Pokedex3 */ = {
			isa = PBXGroup;
			children = (
				E95EF1D61E86241600ED08DC /* Model */,
				E95EF1DA1E86246C00ED08DC /* View */,
				E95EF1D91E86246500ED08DC /* Controller */,
				E95EF1E21E862DF900ED08DC /* Util */,
				E95EF1DB1E86248200ED08DC /* Resources */,
				E95EF1C61E861F7300ED08DC /* Main.storyboard */,
				E95EF1CB1E861F7300ED08DC /* LaunchScreen.storyboard */,
				E95EF1C91E861F7300ED08DC /* Assets.xcassets */,
				E95EF1CE1E861F7300ED08DC /* Info.plist */,
			);
			path = Pokedex3;
			sourceTree = "<group>";
		};
		E95EF1D61E86241600ED08DC /* Model */ = {
			isa = PBXGroup;
			children = (
				E95EF1D71E86242100ED08DC /* Pokemon.swift */,
			);
			name = Model;
			sourceTree = "<group>";
		};
		E95EF1D91E86246500ED08DC /* Controller */ = {
			isa = PBXGroup;
			children = (
				E95EF1C21E861F7300ED08DC /* AppDelegate.swift */,
				E95EF1C41E861F7300ED08DC /* ViewController.swift */,
				E95EF1E51E86460900ED08DC /* PokemonDetailVC.swift */,
			);
			name = Controller;
			sourceTree = "<group>";
		};
		E95EF1DA1E86246C00ED08DC /* View */ = {
			isa = PBXGroup;
			children = (
				E95EF1DE1E86280F00ED08DC /* PokeCell.swift */,
			);
			name = View;
			sourceTree = "<group>";
		};
		E95EF1DB1E86248200ED08DC /* Resources */ = {
			isa = PBXGroup;
			children = (
				E95EF1D41E8622FA00ED08DC /* pokemon.csv */,
				E95EF1DC1E86256700ED08DC /* Pokemon.ttf */,
				E95EF1E31E8634BF00ED08DC /* music.mp3 */,
			);
			name = Resources;
			sourceTree = "<group>";
		};
		E95EF1E21E862DF900ED08DC /* Util */ = {
			isa = PBXGroup;
			children = (
				E95EF1E01E862DF300ED08DC /* csv.swift */,
				E95EF1E71E865A7800ED08DC /* Constants.swift */,
			);
			name = Util;
			sourceTree = "<group>";
		};
		F9A6B103C2F9112091CEF70C /* Frameworks */ = {
			isa = PBXGroup;
			children = (
				7972F846A29C963CDC983DE5 /* Pods_Pokedex3.framework */,
			);
			name = Frameworks;
			sourceTree = "<group>";
		};
/* End PBXGroup section */

/* Begin PBXNativeTarget section */
		E95EF1BE1E861F7300ED08DC /* Pokedex3 */ = {
			isa = PBXNativeTarget;
			buildConfigurationList = E95EF1D11E861F7300ED08DC /* Build configuration list for PBXNativeTarget "Pokedex3" */;
			buildPhases = (
				5271B88FF338312906ADF43C /* [CP] Check Pods Manifest.lock */,
				E95EF1BB1E861F7300ED08DC /* Sources */,
				E95EF1BC1E861F7300ED08DC /* Frameworks */,
				E95EF1BD1E861F7300ED08DC /* Resources */,
				3C5D3C8308B2E5355703963D /* [CP] Embed Pods Frameworks */,
				A2A2B555FEA01267997A299C /* [CP] Copy Pods Resources */,
			);
			buildRules = (
			);
			dependencies = (
			);
			name = Pokedex3;
			productName = Pokedex3;
			productReference = E95EF1BF1E861F7300ED08DC /* Pokedex3.app */;
			productType = "com.apple.product-type.application";
		};
/* End PBXNativeTarget section */

/* Begin PBXProject section */
		E95EF1B71E861F7300ED08DC /* Project object */ = {
			isa = PBXProject;
			attributes = {
				LastSwiftUpdateCheck = 0820;
				LastUpgradeCheck = 0820;
				ORGANIZATIONNAME = "Khalid Alrashed";
				TargetAttributes = {
					E95EF1BE1E861F7300ED08DC = {
						CreatedOnToolsVersion = 8.2.1;
						DevelopmentTeam = MD894V3P79;
						ProvisioningStyle = Automatic;
					};
				};
			};
			buildConfigurationList = E95EF1BA1E861F7300ED08DC /* Build configuration list for PBXProject "Pokedex3" */;
			compatibilityVersion = "Xcode 3.2";
			developmentRegion = English;
			hasScannedForEncodings = 0;
			knownRegions = (
				en,
				Base,
			);
			mainGroup = E95EF1B61E861F7300ED08DC;
			productRefGroup = E95EF1C01E861F7300ED08DC /* Products */;
			projectDirPath = "";
			projectRoot = "";
			targets = (
				E95EF1BE1E861F7300ED08DC /* Pokedex3 */,
			);
		};
/* End PBXProject section */

/* Begin PBXResourcesBuildPhase section */
		E95EF1BD1E861F7300ED08DC /* Resources */ = {
			isa = PBXResourcesBuildPhase;
			buildActionMask = 2147483647;
			files = (
				E95EF1CD1E861F7300ED08DC /* LaunchScreen.storyboard in Resources */,
				E95EF1DD1E86256700ED08DC /* Pokemon.ttf in Resources */,
				E95EF1E41E8634BF00ED08DC /* music.mp3 in Resources */,
				E95EF1CA1E861F7300ED08DC /* Assets.xcassets in Resources */,
				E95EF1D51E8622FA00ED08DC /* pokemon.csv in Resources */,
				E95EF1C81E861F7300ED08DC /* Main.storyboard in Resources */,
			);
			runOnlyForDeploymentPostprocessing = 0;
		};
/* End PBXResourcesBuildPhase section */

/* Begin PBXShellScriptBuildPhase section */
		3C5D3C8308B2E5355703963D /* [CP] Embed Pods Frameworks */ = {
			isa = PBXShellScriptBuildPhase;
			buildActionMask = 2147483647;
			files = (
			);
			inputPaths = (
			);
			name = "[CP] Embed Pods Frameworks";
			outputPaths = (
			);
			runOnlyForDeploymentPostprocessing = 0;
			shellPath = /bin/sh;
			shellScript = "\"${SRCROOT}/Pods/Target Support Files/Pods-Pokedex3/Pods-Pokedex3-frameworks.sh\"\n";
			showEnvVarsInLog = 0;
		};
		5271B88FF338312906ADF43C /* [CP] Check Pods Manifest.lock */ = {
			isa = PBXShellScriptBuildPhase;
			buildActionMask = 2147483647;
			files = (
			);
			inputPaths = (
			);
			name = "[CP] Check Pods Manifest.lock";
			outputPaths = (
			);
			runOnlyForDeploymentPostprocessing = 0;
			shellPath = /bin/sh;
			shellScript = "diff \"${PODS_ROOT}/../Podfile.lock\" \"${PODS_ROOT}/Manifest.lock\" > /dev/null\nif [ $? != 0 ] ; then\n    # print error to STDERR\n    echo \"error: The sandbox is not in sync with the Podfile.lock. Run 'pod install' or update your CocoaPods installation.\" >&2\n    exit 1\nfi\n";
			showEnvVarsInLog = 0;
		};
		A2A2B555FEA01267997A299C /* [CP] Copy Pods Resources */ = {
			isa = PBXShellScriptBuildPhase;
			buildActionMask = 2147483647;
			files = (
			);
			inputPaths = (
			);
			name = "[CP] Copy Pods Resources";
			outputPaths = (
			);
			runOnlyForDeploymentPostprocessing = 0;
			shellPath = /bin/sh;
			shellScript = "\"${SRCROOT}/Pods/Target Support Files/Pods-Pokedex3/Pods-Pokedex3-resources.sh\"\n";
			showEnvVarsInLog = 0;
		};
/* End PBXShellScriptBuildPhase section */

/* Begin PBXSourcesBuildPhase section */
		E95EF1BB1E861F7300ED08DC /* Sources */ = {
			isa = PBXSourcesBuildPhase;
			buildActionMask = 2147483647;
			files = (
				E95EF1DF1E86280F00ED08DC /* PokeCell.swift in Sources */,
				E95EF1C51E861F7300ED08DC /* ViewController.swift in Sources */,
				E95EF1C31E861F7300ED08DC /* AppDelegate.swift in Sources */,
				E95EF1E61E86460900ED08DC /* PokemonDetailVC.swift in Sources */,
				E95EF1E81E865A7800ED08DC /* Constants.swift in Sources */,
				E95EF1D81E86242100ED08DC /* Pokemon.swift in Sources */,
				E95EF1E11E862DF300ED08DC /* csv.swift in Sources */,
			);
			runOnlyForDeploymentPostprocessing = 0;
		};
/* End PBXSourcesBuildPhase section */

/* Begin PBXVariantGroup section */
		E95EF1C61E861F7300ED08DC /* Main.storyboard */ = {
			isa = PBXVariantGroup;
			children = (
				E95EF1C71E861F7300ED08DC /* Base */,
			);
			name = Main.storyboard;
			sourceTree = "<group>";
		};
		E95EF1CB1E861F7300ED08DC /* LaunchScreen.storyboard */ = {
			isa = PBXVariantGroup;
			children = (
				E95EF1CC1E861F7300ED08DC /* Base */,
			);
			name = LaunchScreen.storyboard;
			sourceTree = "<group>";
		};
/* End PBXVariantGroup section */

/* Begin XCBuildConfiguration section */
		E95EF1CF1E861F7300ED08DC /* Debug */ = {
			isa = XCBuildConfiguration;
			buildSettings = {
				ALWAYS_SEARCH_USER_PATHS = NO;
				CLANG_ANALYZER_NONNULL = YES;
				CLANG_CXX_LANGUAGE_STANDARD = "gnu++0x";
				CLANG_CXX_LIBRARY = "libc++";
				CLANG_ENABLE_MODULES = YES;
				CLANG_ENABLE_OBJC_ARC = YES;
				CLANG_WARN_BOOL_CONVERSION = YES;
				CLANG_WARN_CONSTANT_CONVERSION = YES;
				CLANG_WARN_DIRECT_OBJC_ISA_USAGE = YES_ERROR;
				CLANG_WARN_DOCUMENTATION_COMMENTS = YES;
				CLANG_WARN_EMPTY_BODY = YES;
				CLANG_WARN_ENUM_CONVERSION = YES;
				CLANG_WARN_INFINITE_RECURSION = YES;
				CLANG_WARN_INT_CONVERSION = YES;
				CLANG_WARN_OBJC_ROOT_CLASS = YES_ERROR;
				CLANG_WARN_SUSPICIOUS_MOVE = YES;
				CLANG_WARN_UNREACHABLE_CODE = YES;
				CLANG_WARN__DUPLICATE_METHOD_MATCH = YES;
				"CODE_SIGN_IDENTITY[sdk=iphoneos*]" = "iPhone Developer";
				COPY_PHASE_STRIP = NO;
				DEBUG_INFORMATION_FORMAT = dwarf;
				ENABLE_STRICT_OBJC_MSGSEND = YES;
				ENABLE_TESTABILITY = YES;
				GCC_C_LANGUAGE_STANDARD = gnu99;
				GCC_DYNAMIC_NO_PIC = NO;
				GCC_NO_COMMON_BLOCKS = YES;
				GCC_OPTIMIZATION_LEVEL = 0;
				GCC_PREPROCESSOR_DEFINITIONS = (
					"DEBUG=1",
					"$(inherited)",
				);
				GCC_WARN_64_TO_32_BIT_CONVERSION = YES;
				GCC_WARN_ABOUT_RETURN_TYPE = YES_ERROR;
				GCC_WARN_UNDECLARED_SELECTOR = YES;
				GCC_WARN_UNINITIALIZED_AUTOS = YES_AGGRESSIVE;
				GCC_WARN_UNUSED_FUNCTION = YES;
				GCC_WARN_UNUSED_VARIABLE = YES;
				IPHONEOS_DEPLOYMENT_TARGET = 10.2;
				MTL_ENABLE_DEBUG_INFO = YES;
				ONLY_ACTIVE_ARCH = YES;
				SDKROOT = iphoneos;
				SWIFT_ACTIVE_COMPILATION_CONDITIONS = DEBUG;
				SWIFT_OPTIMIZATION_LEVEL = "-Onone";
				TARGETED_DEVICE_FAMILY = "1,2";
			};
			name = Debug;
		};
		E95EF1D01E861F7300ED08DC /* Release */ = {
			isa = XCBuildConfiguration;
			buildSettings = {
				ALWAYS_SEARCH_USER_PATHS = NO;
				CLANG_ANALYZER_NONNULL = YES;
				CLANG_CXX_LANGUAGE_STANDARD = "gnu++0x";
				CLANG_CXX_LIBRARY = "libc++";
				CLANG_ENABLE_MODULES = YES;
				CLANG_ENABLE_OBJC_ARC = YES;
				CLANG_WARN_BOOL_CONVERSION = YES;
				CLANG_WARN_CONSTANT_CONVERSION = YES;
				CLANG_WARN_DIRECT_OBJC_ISA_USAGE = YES_ERROR;
				CLANG_WARN_DOCUMENTATION_COMMENTS = YES;
				CLANG_WARN_EMPTY_BODY = YES;
				CLANG_WARN_ENUM_CONVERSION = YES;
				CLANG_WARN_INFINITE_RECURSION = YES;
				CLANG_WARN_INT_CONVERSION = YES;
				CLANG_WARN_OBJC_ROOT_CLASS = YES_ERROR;
				CLANG_WARN_SUSPICIOUS_MOVE = YES;
				CLANG_WARN_UNREACHABLE_CODE = YES;
				CLANG_WARN__DUPLICATE_METHOD_MATCH = YES;
				"CODE_SIGN_IDENTITY[sdk=iphoneos*]" = "iPhone Developer";
				COPY_PHASE_STRIP = NO;
				DEBUG_INFORMATION_FORMAT = "dwarf-with-dsym";
				ENABLE_NS_ASSERTIONS = NO;
				ENABLE_STRICT_OBJC_MSGSEND = YES;
				GCC_C_LANGUAGE_STANDARD = gnu99;
				GCC_NO_COMMON_BLOCKS = YES;
				GCC_WARN_64_TO_32_BIT_CONVERSION = YES;
				GCC_WARN_ABOUT_RETURN_TYPE = YES_ERROR;
				GCC_WARN_UNDECLARED_SELECTOR = YES;
				GCC_WARN_UNINITIALIZED_AUTOS = YES_AGGRESSIVE;
				GCC_WARN_UNUSED_FUNCTION = YES;
				GCC_WARN_UNUSED_VARIABLE = YES;
				IPHONEOS_DEPLOYMENT_TARGET = 10.2;
				MTL_ENABLE_DEBUG_INFO = NO;
				SDKROOT = iphoneos;
				SWIFT_OPTIMIZATION_LEVEL = "-Owholemodule";
				TARGETED_DEVICE_FAMILY = "1,2";
				VALIDATE_PRODUCT = YES;
			};
			name = Release;
		};
		E95EF1D21E861F7300ED08DC /* Debug */ = {
			isa = XCBuildConfiguration;
			baseConfigurationReference = D2990D914841C57AD01BD780 /* Pods-Pokedex3.debug.xcconfig */;
			buildSettings = {
				ASSETCATALOG_COMPILER_APPICON_NAME = AppIcon;
				DEVELOPMENT_TEAM = MD894V3P79;
				INFOPLIST_FILE = Pokedex3/Info.plist;
				LD_RUNPATH_SEARCH_PATHS = "$(inherited) @executable_path/Frameworks";
				PRODUCT_BUNDLE_IDENTIFIER = com.Alrashed.Pokedex3;
				PRODUCT_NAME = "$(TARGET_NAME)";
				SWIFT_VERSION = 3.0;
			};
			name = Debug;
		};
		E95EF1D31E861F7300ED08DC /* Release */ = {
			isa = XCBuildConfiguration;
			baseConfigurationReference = EDD0D737947D238D16BB0F48 /* Pods-Pokedex3.release.xcconfig */;
			buildSettings = {
				ASSETCATALOG_COMPILER_APPICON_NAME = AppIcon;
				DEVELOPMENT_TEAM = MD894V3P79;
				INFOPLIST_FILE = Pokedex3/Info.plist;
				LD_RUNPATH_SEARCH_PATHS = "$(inherited) @executable_path/Frameworks";
				PRODUCT_BUNDLE_IDENTIFIER = com.Alrashed.Pokedex3;
				PRODUCT_NAME = "$(TARGET_NAME)";
				SWIFT_VERSION = 3.0;
			};
			name = Release;
		};
/* End XCBuildConfiguration section */

/* Begin XCConfigurationList section */
		E95EF1BA1E861F7300ED08DC /* Build configuration list for PBXProject "Pokedex3" */ = {
			isa = XCConfigurationList;
			buildConfigurations = (
				E95EF1CF1E861F7300ED08DC /* Debug */,
				E95EF1D01E861F7300ED08DC /* Release */,
			);
			defaultConfigurationIsVisible = 0;
			defaultConfigurationName = Release;
		};
		E95EF1D11E861F7300ED08DC /* Build configuration list for PBXNativeTarget "Pokedex3" */ = {
			isa = XCConfigurationList;
			buildConfigurations = (
				E95EF1D21E861F7300ED08DC /* Debug */,
				E95EF1D31E861F7300ED08DC /* Release */,
			);
			defaultConfigurationIsVisible = 0;
			defaultConfigurationName = Release;
		};
/* End XCConfigurationList section */
	};
	rootObject = E95EF1B71E861F7300ED08DC /* Project object */;
}
